<?xml version="1.0" encoding="utf-8"?>
<Project ToolsVersion="4.0" xmlns="http://schemas.microsoft.com/developer/msbuild/2003">
  <ItemGroup>
    <Filter Include="src">
      <UniqueIdentifier>{4FC737F1-C7A5-4376-A066-2A32D752A2FF}</UniqueIdentifier>
      <Extensions>cpp;c;cc;cxx;def;odl;idl;hpj;bat;asm;asmx</Extensions>
    </Filter>
    <Filter Include="src\render">
      <UniqueIdentifier>{711b70e0-7524-4faf-b206-a437962dfb30}</UniqueIdentifier>
    </Filter>
    <Filter Include="res">
      <UniqueIdentifier>{67DA6AB6-F800-4c08-8B7A-83BB121AAD01}</UniqueIdentifier>
      <Extensions>rc;ico;cur;bmp;dlg;rc2;rct;bin;rgs;gif;jpg;jpeg;jpe;resx;tiff;tif;png;wav;mfcribbon-ms</Extensions>
    </Filter>
  </ItemGroup>
  <ItemGroup>
    <Image Include="..\res\game.ico">
      <Filter>res</Filter>
    </Image>
    <Image Include="..\res\small.ico">
      <Filter>res</Filter>
    </Image>
  </ItemGroup>
  <ItemGroup>
    <Text Include="..\res\SM.txt">
      <Filter>res</Filter>
    </Text>
  </ItemGroup>
  <ItemGroup>
    <ClCompile Include="..\..\src\platform\win32\render\videoDriver.cpp">
      <Filter>src\render</Filter>
    </ClCompile>
    <ClCompile Include="..\..\src\platform\win32\Application.cpp">
      <Filter>src</Filter>
    </ClCompile>
    <ClCompile Include="..\..\src\platform\win32\main.cpp">
      <Filter>src</Filter>
    </ClCompile>
    <ClCompile Include="..\..\src\platform\win32\stdafx.cpp">
      <Filter>src</Filter>
    </ClCompile>
  </ItemGroup>
  <ItemGroup>
    <ClInclude Include="..\..\src\platform\win32\render\videoDriver.h">
      <Filter>src\render</Filter>
    </ClInclude>
    <ClInclude Include="..\..\src\platform\win32\Application.h">
      <Filter>src</Filter>
    </ClInclude>
    <ClInclude Include="..\..\src\platform\win32\main.h">
      <Filter>src</Filter>
    </ClInclude>
    <ClInclude Include="..\..\src\platform\win32\Resource.h">
      <Filter>src</Filter>
    </ClInclude>
    <ClInclude Include="..\..\src\platform\win32\stdafx.h">
      <Filter>src</Filter>
    </ClInclude>
    <ClInclude Include="..\..\src\platform\win32\targetver.h">
      <Filter>src</Filter>
    </ClInclude>
  </ItemGroup>
</Project>